
Microsoft Visual Studio Solution File, Format Version 12.00
Project("{FAE04EC0-301F-11D3-BF4B-00C04F79EFBC}") = "Perlang.Interpreter", "src\Perlang.Interpreter\Perlang.Interpreter.csproj", "{2E39F005-52FF-404D-B570-0AB2E9081272}"
EndProject
Project("{FAE04EC0-301F-11D3-BF4B-00C04F79EFBC}") = "Perlang.Common", "src\Perlang.Common\Perlang.Common.csproj", "{B338D29B-A85D-4650-9BFF-FBFE55258C58}"
EndProject
Project("{FAE04EC0-301F-11D3-BF4B-00C04F79EFBC}") = "Perlang.Parser", "src\Perlang.Parser\Perlang.Parser.csproj", "{F1F9229C-D764-4A38-BEA2-1F86A1C2FF1A}"
EndProject
Project("{FAE04EC0-301F-11D3-BF4B-00C04F79EFBC}") = "Perlang.Tests.Integration", "src\Perlang.Tests.Integration\Perlang.Tests.Integration.csproj", "{1874E267-5D6F-4EA4-8938-F2A0D19F27B1}"
EndProject
Project("{FAE04EC0-301F-11D3-BF4B-00C04F79EFBC}") = "Perlang.ConsoleApp", "src\Perlang.ConsoleApp\Perlang.ConsoleApp.csproj", "{EC950B39-0187-41BD-A9AA-FE18F73BD30F}"
EndProject
Project("{FAE04EC0-301F-11D3-BF4B-00C04F79EFBC}") = "Perlang.Stdlib", "src\Perlang.Stdlib\Perlang.Stdlib.csproj", "{20267530-E991-4936-BFDC-0C5A1EDE90E7}"
EndProject
Project("{FAE04EC0-301F-11D3-BF4B-00C04F79EFBC}") = "Perlang.Tests", "src\Perlang.Tests\Perlang.Tests.csproj", "{CD78DA11-CB31-4892-8F96-3B7FD7015B83}"
EndProject
Project("{2150E333-8FDC-42A3-9474-1A3956D46DE8}") = "Implementation", "Implementation", "{B924E83B-6AFE-4ABF-B79D-444F92582892}"
EndProject
Project("{2150E333-8FDC-42A3-9474-1A3956D46DE8}") = "Tests", "Tests", "{F13F8E4E-5231-4321-9722-1BFCC08E5BB5}"
EndProject
Project("{2150E333-8FDC-42A3-9474-1A3956D46DE8}") = "_Common", "_Common", "{53AB9BEE-FCBF-4598-A89A-F1883ECAFC58}"
ProjectSection(SolutionItems) = preProject
	Directory.Build.props = Directory.Build.props
	stylecop.json = stylecop.json
	global.ruleset = global.ruleset
EndProjectSection
EndProject
Project("{FAE04EC0-301F-11D3-BF4B-00C04F79EFBC}") = "Perlang.Tests.Architecture", "src\Perlang.Tests.Architecture\Perlang.Tests.Architecture.csproj", "{E9D632CB-E520-4868-9E64-A4A70ACD713C}"
EndProject
Global
	GlobalSection(SolutionConfigurationPlatforms) = preSolution
		Debug|Any CPU = Debug|Any CPU
		Release|Any CPU = Release|Any CPU
	EndGlobalSection
	GlobalSection(ProjectConfigurationPlatforms) = postSolution
		{2E39F005-52FF-404D-B570-0AB2E9081272}.Debug|Any CPU.ActiveCfg = Debug|Any CPU
		{2E39F005-52FF-404D-B570-0AB2E9081272}.Debug|Any CPU.Build.0 = Debug|Any CPU
		{2E39F005-52FF-404D-B570-0AB2E9081272}.Release|Any CPU.ActiveCfg = Release|Any CPU
		{2E39F005-52FF-404D-B570-0AB2E9081272}.Release|Any CPU.Build.0 = Release|Any CPU
		{B338D29B-A85D-4650-9BFF-FBFE55258C58}.Debug|Any CPU.ActiveCfg = Debug|Any CPU
		{B338D29B-A85D-4650-9BFF-FBFE55258C58}.Debug|Any CPU.Build.0 = Debug|Any CPU
		{B338D29B-A85D-4650-9BFF-FBFE55258C58}.Release|Any CPU.ActiveCfg = Release|Any CPU
		{B338D29B-A85D-4650-9BFF-FBFE55258C58}.Release|Any CPU.Build.0 = Release|Any CPU
		{F1F9229C-D764-4A38-BEA2-1F86A1C2FF1A}.Debug|Any CPU.ActiveCfg = Debug|Any CPU
		{F1F9229C-D764-4A38-BEA2-1F86A1C2FF1A}.Debug|Any CPU.Build.0 = Debug|Any CPU
		{F1F9229C-D764-4A38-BEA2-1F86A1C2FF1A}.Release|Any CPU.ActiveCfg = Release|Any CPU
		{F1F9229C-D764-4A38-BEA2-1F86A1C2FF1A}.Release|Any CPU.Build.0 = Release|Any CPU
		{1874E267-5D6F-4EA4-8938-F2A0D19F27B1}.Debug|Any CPU.ActiveCfg = Debug|Any CPU
		{1874E267-5D6F-4EA4-8938-F2A0D19F27B1}.Debug|Any CPU.Build.0 = Debug|Any CPU
		{1874E267-5D6F-4EA4-8938-F2A0D19F27B1}.Release|Any CPU.ActiveCfg = Release|Any CPU
		{1874E267-5D6F-4EA4-8938-F2A0D19F27B1}.Release|Any CPU.Build.0 = Release|Any CPU
		{EC950B39-0187-41BD-A9AA-FE18F73BD30F}.Debug|Any CPU.ActiveCfg = Debug|Any CPU
		{EC950B39-0187-41BD-A9AA-FE18F73BD30F}.Debug|Any CPU.Build.0 = Debug|Any CPU
		{EC950B39-0187-41BD-A9AA-FE18F73BD30F}.Release|Any CPU.ActiveCfg = Release|Any CPU
		{EC950B39-0187-41BD-A9AA-FE18F73BD30F}.Release|Any CPU.Build.0 = Release|Any CPU
		{20267530-E991-4936-BFDC-0C5A1EDE90E7}.Debug|Any CPU.ActiveCfg = Debug|Any CPU
		{20267530-E991-4936-BFDC-0C5A1EDE90E7}.Debug|Any CPU.Build.0 = Debug|Any CPU
		{20267530-E991-4936-BFDC-0C5A1EDE90E7}.Release|Any CPU.ActiveCfg = Release|Any CPU
		{20267530-E991-4936-BFDC-0C5A1EDE90E7}.Release|Any CPU.Build.0 = Release|Any CPU
		{CD78DA11-CB31-4892-8F96-3B7FD7015B83}.Debug|Any CPU.ActiveCfg = Debug|Any CPU
		{CD78DA11-CB31-4892-8F96-3B7FD7015B83}.Debug|Any CPU.Build.0 = Debug|Any CPU
		{CD78DA11-CB31-4892-8F96-3B7FD7015B83}.Release|Any CPU.ActiveCfg = Release|Any CPU
		{CD78DA11-CB31-4892-8F96-3B7FD7015B83}.Release|Any CPU.Build.0 = Release|Any CPU
		{E9D632CB-E520-4868-9E64-A4A70ACD713C}.Debug|Any CPU.ActiveCfg = Debug|Any CPU
		{E9D632CB-E520-4868-9E64-A4A70ACD713C}.Debug|Any CPU.Build.0 = Debug|Any CPU
		{E9D632CB-E520-4868-9E64-A4A70ACD713C}.Release|Any CPU.ActiveCfg = Release|Any CPU
		{E9D632CB-E520-4868-9E64-A4A70ACD713C}.Release|Any CPU.Build.0 = Release|Any CPU
	EndGlobalSection
	GlobalSection(NestedProjects) = preSolution
		{B338D29B-A85D-4650-9BFF-FBFE55258C58} = {B924E83B-6AFE-4ABF-B79D-444F92582892}
		{EC950B39-0187-41BD-A9AA-FE18F73BD30F} = {B924E83B-6AFE-4ABF-B79D-444F92582892}
		{2E39F005-52FF-404D-B570-0AB2E9081272} = {B924E83B-6AFE-4ABF-B79D-444F92582892}
		{F1F9229C-D764-4A38-BEA2-1F86A1C2FF1A} = {B924E83B-6AFE-4ABF-B79D-444F92582892}
		{20267530-E991-4936-BFDC-0C5A1EDE90E7} = {B924E83B-6AFE-4ABF-B79D-444F92582892}
		{CD78DA11-CB31-4892-8F96-3B7FD7015B83} = {F13F8E4E-5231-4321-9722-1BFCC08E5BB5}
		{1874E267-5D6F-4EA4-8938-F2A0D19F27B1} = {F13F8E4E-5231-4321-9722-1BFCC08E5BB5}
		{E9D632CB-E520-4868-9E64-A4A70ACD713C} = {F13F8E4E-5231-4321-9722-1BFCC08E5BB5}
	EndGlobalSection
EndGlobal
